
Microsoft Visual Studio Solution File, Format Version 12.00
# Visual Studio 15
VisualStudioVersion = 15.0.28307.168
MinimumVisualStudioVersion = 10.0.40219.1
Project("{FAE04EC0-301F-11D3-BF4B-00C04F79EFBC}") = "MusicApp", "MusicApp\MusicApp.csproj", "{02E6808F-8B6E-4284-93DC-D906DF6D66C9}"
EndProject
Global
	GlobalSection(SolutionConfigurationPlatforms) = preSolution
		Debug|Any CPU = Debug|Any CPU
		Release|Any CPU = Release|Any CPU
	EndGlobalSection
	GlobalSection(ProjectConfigurationPlatforms) = postSolution
		{02E6808F-8B6E-4284-93DC-D906DF6D66C9}.Debug|Any CPU.ActiveCfg = Debug|Any CPU
		{02E6808F-8B6E-4284-93DC-D906DF6D66C9}.Debug|Any CPU.Build.0 = Debug|Any CPU
		{02E6808F-8B6E-4284-93DC-D906DF6D66C9}.Release|Any CPU.ActiveCfg = Release|Any CPU
		{02E6808F-8B6E-4284-93DC-D906DF6D66C9}.Release|Any CPU.Build.0 = Release|Any CPU
	EndGlobalSection
	GlobalSection(SolutionProperties) = preSolution
		HideSolutionNode = FALSE
	EndGlobalSection
	GlobalSection(ExtensibilityGlobals) = postSolution
		SolutionGuid = {BDDEC60F-BD19-4883-885B-3FAEF9641E16}
	EndGlobalSection
EndGlobal
